
Microsoft Visual Studio Solution File, Format Version 12.00
# Visual Studio Version 17
VisualStudioVersion = 17.13.35825.156 d17.13
MinimumVisualStudioVersion = 10.0.40219.1
Project("{FAE04EC0-301F-11D3-BF4B-00C04F79EFBC}") = "AbdielTavPaginaWeb", "AbdielTavPaginaWeb\AbdielTavPaginaWeb.csproj", "{6876A864-0E1F-4864-8075-554BE0FBFBFD}"
EndProject
Global
	GlobalSection(SolutionConfigurationPlatforms) = preSolution
		Debug|Any CPU = Debug|Any CPU
		Release|Any CPU = Release|Any CPU
	EndGlobalSection
	GlobalSection(ProjectConfigurationPlatforms) = postSolution
		{6876A864-0E1F-4864-8075-554BE0FBFBFD}.Debug|Any CPU.ActiveCfg = Debug|Any CPU
		{6876A864-0E1F-4864-8075-554BE0FBFBFD}.Debug|Any CPU.Build.0 = Debug|Any CPU
		{6876A864-0E1F-4864-8075-554BE0FBFBFD}.Release|Any CPU.ActiveCfg = Release|Any CPU
		{6876A864-0E1F-4864-8075-554BE0FBFBFD}.Release|Any CPU.Build.0 = Release|Any CPU
	EndGlobalSection
	GlobalSection(SolutionProperties) = preSolution
		HideSolutionNode = FALSE
	EndGlobalSection
	GlobalSection(ExtensibilityGlobals) = postSolution
		SolutionGuid = {673A15BB-3A83-4645-9B33-B79D1E7459A2}
	EndGlobalSection
EndGlobal
